
Microsoft Visual Studio Solution File, Format Version 12.00
# Visual Studio Version 17
VisualStudioVersion = 17.2.32630.192
MinimumVisualStudioVersion = 10.0.40219.1
Project("{9A19103F-16F7-4668-BE54-9A1E7A4F7556}") = "GameOfLifeConsole", "GameOfLifeConsole\GameOfLifeConsole.csproj", "{38D208A4-5ED9-4C0F-ABC7-7A1255B0DF4A}"
EndProject
Global
	GlobalSection(SolutionConfigurationPlatforms) = preSolution
		Debug|Any CPU = Debug|Any CPU
		Release|Any CPU = Release|Any CPU
	EndGlobalSection
	GlobalSection(ProjectConfigurationPlatforms) = postSolution
		{38D208A4-5ED9-4C0F-ABC7-7A1255B0DF4A}.Debug|Any CPU.ActiveCfg = Debug|Any CPU
		{38D208A4-5ED9-4C0F-ABC7-7A1255B0DF4A}.Debug|Any CPU.Build.0 = Debug|Any CPU
		{38D208A4-5ED9-4C0F-ABC7-7A1255B0DF4A}.Release|Any CPU.ActiveCfg = Release|Any CPU
		{38D208A4-5ED9-4C0F-ABC7-7A1255B0DF4A}.Release|Any CPU.Build.0 = Release|Any CPU
	EndGlobalSection
	GlobalSection(SolutionProperties) = preSolution
		HideSolutionNode = FALSE
	EndGlobalSection
	GlobalSection(ExtensibilityGlobals) = postSolution
		SolutionGuid = {22689F8E-42A8-457D-84A6-7497CE7565DD}
	EndGlobalSection
EndGlobal
